
Microsoft Visual Studio Solution File, Format Version 12.00
# Visual Studio Version 17
VisualStudioVersion = 17.2.32519.379
MinimumVisualStudioVersion = 10.0.40219.1
Project("{9A19103F-16F7-4668-BE54-9A1E7A4F7556}") = "VirtualPaymentService", "VirtualPaymentService\VirtualPaymentService.csproj", "{CD7C9C1E-67DD-43AB-B6C9-91FDA151B87D}"
EndProject
Project("{9A19103F-16F7-4668-BE54-9A1E7A4F7556}") = "VirtualPaymentService.Business.Tests", "VirtualPaymentService.Business.Tests\VirtualPaymentService.Business.Tests.csproj", "{6575E9A9-7F95-457B-92AC-11D095EACD6E}"
EndProject
Project("{9A19103F-16F7-4668-BE54-9A1E7A4F7556}") = "VirtualPaymentService.Business", "VirtualPaymentService.Business\VirtualPaymentService.Business.csproj", "{29242B5D-B1F7-49E2-9F94-B1C61192CE51}"
EndProject
Project("{9A19103F-16F7-4668-BE54-9A1E7A4F7556}") = "VirtualPaymentService.Tests", "VirtualPaymentService.Tests\VirtualPaymentService.Tests.csproj", "{4ED08190-294F-41A9-A20A-C6F28D2327E3}"
EndProject
Project("{9A19103F-16F7-4668-BE54-9A1E7A4F7556}") = "VirtualPaymentService.Model", "VirtualPaymentService.Model\VirtualPaymentService.Model.csproj", "{E16F0295-A7A7-4245-BDEE-5BEDD3F7FB86}"
EndProject
Project("{2150E333-8FDC-42A3-9474-1A3956D46DE8}") = "Solution Items", "Solution Items", "{2845F017-9DE5-485A-B791-3A0E0FFD4CBF}"
	ProjectSection(SolutionItems) = preProject
		README.md = README.md
		.circleci/config.yml = .circleci/config.yml
		.octopus/deployment_process.ocl = .octopus/deployment_process.ocl
		.octopus/deployment_settings.ocl = .octopus/deployment_settings.ocl
		.octopus/variables.ocl = .octopus/variables.ocl
		.gitignore = .gitignore
	EndProjectSection
EndProject

Project("{2150E333-8FDC-42A3-9474-1A3956D46DE8}") = "k8s", "k8s", "{E37CC1F4-B96C-4485-914C-45066B53F19F}"
	ProjectSection(SolutionItems) = preProject
		k8s\appsettings.k8s.dev.json = k8s\appsettings.k8s.dev.json
		k8s\appsettings.k8s.dmo.json = k8s\appsettings.k8s.dmo.json
		k8s\appsettings.k8s.json = k8s\appsettings.k8s.json
		k8s\appsettings.k8s.local.json = k8s\appsettings.k8s.local.json
		k8s\appsettings.k8s.prd.json = k8s\appsettings.k8s.prd.json
		k8s\appsettings.k8s.qas.json = k8s\appsettings.k8s.qas.json
		k8s\appsettings.k8s.rcp.json = k8s\appsettings.k8s.rcp.json
		k8s\log4net.config = k8s\log4net.config
		k8s\virtualpaymentservice.json = k8s\virtualpaymentservice.json
	EndProjectSection
EndProject
Project("{9A19103F-16F7-4668-BE54-9A1E7A4F7556}") = "VirtualPaymentService.Data", "VirtualPaymentService.Data\VirtualPaymentService.Data.csproj", "{0B7E6404-BA9A-4CDE-8A1E-DFA1E5BB371F}"
EndProject
Project("{FAE04EC0-301F-11D3-BF4B-00C04F79EFBC}") = "VirtualPaymentService.Data.Tests", "VirtualPayment.Data.Tests\VirtualPaymentService.Data.Tests.csproj", "{E648C3E1-D3B1-4602-B318-B0177496043D}"
EndProject
Project("{2150E333-8FDC-42A3-9474-1A3956D46DE8}") = "DeploymentItems", "DeploymentItems", "{A28A2A66-70F3-42C2-85E9-1221551B0795}"
	ProjectSection(SolutionItems) = preProject
		.circleci\config.yml = .circleci\config.yml
		.octopus\deployment_process.ocl = .octopus\deployment_process.ocl
		.octopus\deployment_settings.ocl = .octopus\deployment_settings.ocl
		.octopus\variables.ocl = .octopus\variables.ocl
	EndProjectSection
EndProject
Global
	GlobalSection(SolutionConfigurationPlatforms) = preSolution
		Debug|Any CPU = Debug|Any CPU
		Release|Any CPU = Release|Any CPU
	EndGlobalSection
	GlobalSection(ProjectConfigurationPlatforms) = postSolution
		{CD7C9C1E-67DD-43AB-B6C9-91FDA151B87D}.Debug|Any CPU.ActiveCfg = Debug|Any CPU
		{CD7C9C1E-67DD-43AB-B6C9-91FDA151B87D}.Debug|Any CPU.Build.0 = Debug|Any CPU
		{CD7C9C1E-67DD-43AB-B6C9-91FDA151B87D}.Release|Any CPU.ActiveCfg = Release|Any CPU
		{CD7C9C1E-67DD-43AB-B6C9-91FDA151B87D}.Release|Any CPU.Build.0 = Release|Any CPU
		{6575E9A9-7F95-457B-92AC-11D095EACD6E}.Debug|Any CPU.ActiveCfg = Debug|Any CPU
		{6575E9A9-7F95-457B-92AC-11D095EACD6E}.Debug|Any CPU.Build.0 = Debug|Any CPU
		{6575E9A9-7F95-457B-92AC-11D095EACD6E}.Release|Any CPU.ActiveCfg = Release|Any CPU
		{6575E9A9-7F95-457B-92AC-11D095EACD6E}.Release|Any CPU.Build.0 = Release|Any CPU
		{29242B5D-B1F7-49E2-9F94-B1C61192CE51}.Debug|Any CPU.ActiveCfg = Debug|Any CPU
		{29242B5D-B1F7-49E2-9F94-B1C61192CE51}.Debug|Any CPU.Build.0 = Debug|Any CPU
		{29242B5D-B1F7-49E2-9F94-B1C61192CE51}.Release|Any CPU.ActiveCfg = Release|Any CPU
		{29242B5D-B1F7-49E2-9F94-B1C61192CE51}.Release|Any CPU.Build.0 = Release|Any CPU
		{4ED08190-294F-41A9-A20A-C6F28D2327E3}.Debug|Any CPU.ActiveCfg = Debug|Any CPU
		{4ED08190-294F-41A9-A20A-C6F28D2327E3}.Debug|Any CPU.Build.0 = Debug|Any CPU
		{4ED08190-294F-41A9-A20A-C6F28D2327E3}.Release|Any CPU.ActiveCfg = Release|Any CPU
		{4ED08190-294F-41A9-A20A-C6F28D2327E3}.Release|Any CPU.Build.0 = Release|Any CPU
		{E16F0295-A7A7-4245-BDEE-5BEDD3F7FB86}.Debug|Any CPU.ActiveCfg = Debug|Any CPU
		{E16F0295-A7A7-4245-BDEE-5BEDD3F7FB86}.Debug|Any CPU.Build.0 = Debug|Any CPU
		{E16F0295-A7A7-4245-BDEE-5BEDD3F7FB86}.Release|Any CPU.ActiveCfg = Release|Any CPU
		{E16F0295-A7A7-4245-BDEE-5BEDD3F7FB86}.Release|Any CPU.Build.0 = Release|Any CPU
		{0B7E6404-BA9A-4CDE-8A1E-DFA1E5BB371F}.Debug|Any CPU.ActiveCfg = Debug|Any CPU
		{0B7E6404-BA9A-4CDE-8A1E-DFA1E5BB371F}.Debug|Any CPU.Build.0 = Debug|Any CPU
		{0B7E6404-BA9A-4CDE-8A1E-DFA1E5BB371F}.Release|Any CPU.ActiveCfg = Release|Any CPU
		{0B7E6404-BA9A-4CDE-8A1E-DFA1E5BB371F}.Release|Any CPU.Build.0 = Release|Any CPU
		{E648C3E1-D3B1-4602-B318-B0177496043D}.Debug|Any CPU.ActiveCfg = Debug|Any CPU
		{E648C3E1-D3B1-4602-B318-B0177496043D}.Debug|Any CPU.Build.0 = Debug|Any CPU
		{E648C3E1-D3B1-4602-B318-B0177496043D}.Release|Any CPU.ActiveCfg = Release|Any CPU
		{E648C3E1-D3B1-4602-B318-B0177496043D}.Release|Any CPU.Build.0 = Release|Any CPU
	EndGlobalSection
	GlobalSection(SolutionProperties) = preSolution
		HideSolutionNode = FALSE
	EndGlobalSection
	GlobalSection(NestedProjects) = preSolution
		{E37CC1F4-B96C-4485-914C-45066B53F19F} = {2845F017-9DE5-485A-B791-3A0E0FFD4CBF}
		{A28A2A66-70F3-42C2-85E9-1221551B0795} = {2845F017-9DE5-485A-B791-3A0E0FFD4CBF}
	EndGlobalSection
	GlobalSection(ExtensibilityGlobals) = postSolution
		SolutionGuid = {EE8E3774-9307-403A-BF7B-0C66DD21303D}
	EndGlobalSection
EndGlobal
